// !$*UTF8*$!
{
	archiveVersion = 1;
	classes = {
	};
	objectVersion = 56;
	objects = {

/* Begin PBXBuildFile section */
		5C3D1A852A65B5250053A10F /* RecipePostCell.swift in Sources */ = {isa = PBXBuildFile; fileRef = 5C3D1A842A65B5250053A10F /* RecipePostCell.swift */; };
		5C4AA6C32A7427E8002468CD /* CreatePostViewController.swift in Sources */ = {isa = PBXBuildFile; fileRef = 5C4AA6C22A7427E8002468CD /* CreatePostViewController.swift */; };
		5C4AA6C52A7427F2002468CD /* CreatePostEventHandler.swift in Sources */ = {isa = PBXBuildFile; fileRef = 5C4AA6C42A7427F2002468CD /* CreatePostEventHandler.swift */; };
		5C4AA6C92A742824002468CD /* CreatePostInteractor.swift in Sources */ = {isa = PBXBuildFile; fileRef = 5C4AA6C82A742824002468CD /* CreatePostInteractor.swift */; };
		5C4AA6CB2A742830002468CD /* CreatePostRouter.swift in Sources */ = {isa = PBXBuildFile; fileRef = 5C4AA6CA2A742830002468CD /* CreatePostRouter.swift */; };
		5C4AA6CD2A742837002468CD /* CreatePostDataManager.swift in Sources */ = {isa = PBXBuildFile; fileRef = 5C4AA6CC2A742837002468CD /* CreatePostDataManager.swift */; };
		5C4AA6CF2A742EED002468CD /* AboutViewController.swift in Sources */ = {isa = PBXBuildFile; fileRef = 5C4AA6CE2A742EED002468CD /* AboutViewController.swift */; };
		5C4AA6D22A74309C002468CD /* ProfileViewController.swift in Sources */ = {isa = PBXBuildFile; fileRef = 5C4AA6D12A74309C002468CD /* ProfileViewController.swift */; };
		5C4AA6D42A7430A5002468CD /* ProfileEventHandler.swift in Sources */ = {isa = PBXBuildFile; fileRef = 5C4AA6D32A7430A5002468CD /* ProfileEventHandler.swift */; };
		5C4AA6D62A7430AB002468CD /* ProfileInteractor.swift in Sources */ = {isa = PBXBuildFile; fileRef = 5C4AA6D52A7430AB002468CD /* ProfileInteractor.swift */; };
		5C4AA6D82A7430B1002468CD /* ProfileRouter.swift in Sources */ = {isa = PBXBuildFile; fileRef = 5C4AA6D72A7430B1002468CD /* ProfileRouter.swift */; };
		5C4AA6DA2A7430B9002468CD /* ProfileDataManager.swift in Sources */ = {isa = PBXBuildFile; fileRef = 5C4AA6D92A7430B9002468CD /* ProfileDataManager.swift */; };
		5C5011642A61E2F100EBFA8F /* HomeViewController.swift in Sources */ = {isa = PBXBuildFile; fileRef = 5C5011632A61E2F100EBFA8F /* HomeViewController.swift */; };
		5C5011662A61E2F900EBFA8F /* HomeEventHandler.swift in Sources */ = {isa = PBXBuildFile; fileRef = 5C5011652A61E2F900EBFA8F /* HomeEventHandler.swift */; };
		5C5011682A61E30500EBFA8F /* HomeInteractor.swift in Sources */ = {isa = PBXBuildFile; fileRef = 5C5011672A61E30500EBFA8F /* HomeInteractor.swift */; };
		5C50116A2A61E30E00EBFA8F /* HomeRouter.swift in Sources */ = {isa = PBXBuildFile; fileRef = 5C5011692A61E30E00EBFA8F /* HomeRouter.swift */; };
		5C5011782A61E67400EBFA8F /* Post.swift in Sources */ = {isa = PBXBuildFile; fileRef = 5C5011772A61E67400EBFA8F /* Post.swift */; };
		5C50117B2A61E74E00EBFA8F /* MainConfig.swift in Sources */ = {isa = PBXBuildFile; fileRef = 5C50117A2A61E74E00EBFA8F /* MainConfig.swift */; };
		5C84A3502A4E4A2800DF49C5 /* AppDelegate.swift in Sources */ = {isa = PBXBuildFile; fileRef = 5C84A34F2A4E4A2800DF49C5 /* AppDelegate.swift */; };
		5C84A3522A4E4A2800DF49C5 /* SceneDelegate.swift in Sources */ = {isa = PBXBuildFile; fileRef = 5C84A3512A4E4A2800DF49C5 /* SceneDelegate.swift */; };
		5C84A3542A4E4A2800DF49C5 /* ViewController.swift in Sources */ = {isa = PBXBuildFile; fileRef = 5C84A3532A4E4A2800DF49C5 /* ViewController.swift */; };
		5C84A3572A4E4A2800DF49C5 /* Main.storyboard in Resources */ = {isa = PBXBuildFile; fileRef = 5C84A3552A4E4A2800DF49C5 /* Main.storyboard */; };
		5C84A3592A4E4A2900DF49C5 /* Assets.xcassets in Resources */ = {isa = PBXBuildFile; fileRef = 5C84A3582A4E4A2900DF49C5 /* Assets.xcassets */; };
		5C84A35C2A4E4A2900DF49C5 /* LaunchScreen.storyboard in Resources */ = {isa = PBXBuildFile; fileRef = 5C84A35A2A4E4A2900DF49C5 /* LaunchScreen.storyboard */; };
		5C8B34142A6AFD62007DE7C0 /* ListingViewController.swift in Sources */ = {isa = PBXBuildFile; fileRef = 5C8B34132A6AFD62007DE7C0 /* ListingViewController.swift */; };
		5C8B34162A6AFD71007DE7C0 /* ListingEventHandler.swift in Sources */ = {isa = PBXBuildFile; fileRef = 5C8B34152A6AFD71007DE7C0 /* ListingEventHandler.swift */; };
		5C8B34182A6AFD80007DE7C0 /* ListingInteractor.swift in Sources */ = {isa = PBXBuildFile; fileRef = 5C8B34172A6AFD80007DE7C0 /* ListingInteractor.swift */; };
		5C8B341A2A6AFD8A007DE7C0 /* ListingDataManager.swift in Sources */ = {isa = PBXBuildFile; fileRef = 5C8B34192A6AFD8A007DE7C0 /* ListingDataManager.swift */; };
		5C8B341C2A6AFD94007DE7C0 /* ListingRouter.swift in Sources */ = {isa = PBXBuildFile; fileRef = 5C8B341B2A6AFD94007DE7C0 /* ListingRouter.swift */; };
		5C8B341F2A6B1D89007DE7C0 /* ImageFactory.swift in Sources */ = {isa = PBXBuildFile; fileRef = 5C8B341E2A6B1D89007DE7C0 /* ImageFactory.swift */; };
		5CDF34FA2A626EB200F9417D /* HomeDataManager.swift in Sources */ = {isa = PBXBuildFile; fileRef = 5CDF34F92A626EB200F9417D /* HomeDataManager.swift */; };
		5CEDFB4E2A704AB200114D27 /* SearchViewController.swift in Sources */ = {isa = PBXBuildFile; fileRef = 5CEDFB4D2A704AB200114D27 /* SearchViewController.swift */; };
		5CEDFB502A704ABD00114D27 /* SearchEventHandler.swift in Sources */ = {isa = PBXBuildFile; fileRef = 5CEDFB4F2A704ABD00114D27 /* SearchEventHandler.swift */; };
		5CEDFB522A704AC600114D27 /* SearchInteractor.swift in Sources */ = {isa = PBXBuildFile; fileRef = 5CEDFB512A704AC600114D27 /* SearchInteractor.swift */; };
		5CEDFB542A704AD200114D27 /* SearchRouter.swift in Sources */ = {isa = PBXBuildFile; fileRef = 5CEDFB532A704AD200114D27 /* SearchRouter.swift */; };
		5CEDFB562A704AE600114D27 /* SearchDataManager.swift in Sources */ = {isa = PBXBuildFile; fileRef = 5CEDFB552A704AE600114D27 /* SearchDataManager.swift */; };
		5CEDFB752A72F5DE00114D27 /* FeedbackData.swift in Sources */ = {isa = PBXBuildFile; fileRef = 5CEDFB742A72F5DE00114D27 /* FeedbackData.swift */; };
		5CEDFB7B2A72F68400114D27 /* SettingsViewController.swift in Sources */ = {isa = PBXBuildFile; fileRef = 5CEDFB7A2A72F68400114D27 /* SettingsViewController.swift */; };
		5CEDFB7D2A72F69400114D27 /* SettingsEventHandler.swift in Sources */ = {isa = PBXBuildFile; fileRef = 5CEDFB7C2A72F69400114D27 /* SettingsEventHandler.swift */; };
		5CEDFB7F2A72F6A100114D27 /* SettingsInteractor.swift in Sources */ = {isa = PBXBuildFile; fileRef = 5CEDFB7E2A72F6A100114D27 /* SettingsInteractor.swift */; };
		5CEDFB812A72F6AB00114D27 /* SettingsRouter.swift in Sources */ = {isa = PBXBuildFile; fileRef = 5CEDFB802A72F6AB00114D27 /* SettingsRouter.swift */; };
		5CEDFB832A72F6B700114D27 /* SettingsDataManager.swift in Sources */ = {isa = PBXBuildFile; fileRef = 5CEDFB822A72F6B700114D27 /* SettingsDataManager.swift */; };
		5CEDFB862A72F6E600114D27 /* FeedbackViewController.swift in Sources */ = {isa = PBXBuildFile; fileRef = 5CEDFB852A72F6E600114D27 /* FeedbackViewController.swift */; };
		5CEDFB882A72F6F500114D27 /* FeedbackEventHandler.swift in Sources */ = {isa = PBXBuildFile; fileRef = 5CEDFB872A72F6F500114D27 /* FeedbackEventHandler.swift */; };
		5CEDFB8A2A72F70300114D27 /* FeedbackInteractor.swift in Sources */ = {isa = PBXBuildFile; fileRef = 5CEDFB892A72F70300114D27 /* FeedbackInteractor.swift */; };
		5CEDFB8C2A72F71100114D27 /* FeedbackRouter.swift in Sources */ = {isa = PBXBuildFile; fileRef = 5CEDFB8B2A72F71100114D27 /* FeedbackRouter.swift */; };
		5CEDFB8E2A72F72100114D27 /* FeedbackDataManager.swift in Sources */ = {isa = PBXBuildFile; fileRef = 5CEDFB8D2A72F72100114D27 /* FeedbackDataManager.swift */; };
/* End PBXBuildFile section */

/* Begin PBXFileReference section */
		5C3D1A842A65B5250053A10F /* RecipePostCell.swift */ = {isa = PBXFileReference; lastKnownFileType = sourcecode.swift; path = RecipePostCell.swift; sourceTree = "<group>"; };
		5C4AA6C22A7427E8002468CD /* CreatePostViewController.swift */ = {isa = PBXFileReference; lastKnownFileType = sourcecode.swift; path = CreatePostViewController.swift; sourceTree = "<group>"; };
		5C4AA6C42A7427F2002468CD /* CreatePostEventHandler.swift */ = {isa = PBXFileReference; lastKnownFileType = sourcecode.swift; path = CreatePostEventHandler.swift; sourceTree = "<group>"; };
		5C4AA6C82A742824002468CD /* CreatePostInteractor.swift */ = {isa = PBXFileReference; lastKnownFileType = sourcecode.swift; path = CreatePostInteractor.swift; sourceTree = "<group>"; };
		5C4AA6CA2A742830002468CD /* CreatePostRouter.swift */ = {isa = PBXFileReference; lastKnownFileType = sourcecode.swift; path = CreatePostRouter.swift; sourceTree = "<group>"; };
		5C4AA6CC2A742837002468CD /* CreatePostDataManager.swift */ = {isa = PBXFileReference; lastKnownFileType = sourcecode.swift; path = CreatePostDataManager.swift; sourceTree = "<group>"; };
		5C4AA6CE2A742EED002468CD /* AboutViewController.swift */ = {isa = PBXFileReference; lastKnownFileType = sourcecode.swift; path = AboutViewController.swift; sourceTree = "<group>"; };
		5C4AA6D12A74309C002468CD /* ProfileViewController.swift */ = {isa = PBXFileReference; lastKnownFileType = sourcecode.swift; path = ProfileViewController.swift; sourceTree = "<group>"; };
		5C4AA6D32A7430A5002468CD /* ProfileEventHandler.swift */ = {isa = PBXFileReference; lastKnownFileType = sourcecode.swift; path = ProfileEventHandler.swift; sourceTree = "<group>"; };
		5C4AA6D52A7430AB002468CD /* ProfileInteractor.swift */ = {isa = PBXFileReference; lastKnownFileType = sourcecode.swift; path = ProfileInteractor.swift; sourceTree = "<group>"; };
		5C4AA6D72A7430B1002468CD /* ProfileRouter.swift */ = {isa = PBXFileReference; lastKnownFileType = sourcecode.swift; path = ProfileRouter.swift; sourceTree = "<group>"; };
		5C4AA6D92A7430B9002468CD /* ProfileDataManager.swift */ = {isa = PBXFileReference; lastKnownFileType = sourcecode.swift; path = ProfileDataManager.swift; sourceTree = "<group>"; };
		5C5011632A61E2F100EBFA8F /* HomeViewController.swift */ = {isa = PBXFileReference; lastKnownFileType = sourcecode.swift; path = HomeViewController.swift; sourceTree = "<group>"; };
		5C5011652A61E2F900EBFA8F /* HomeEventHandler.swift */ = {isa = PBXFileReference; lastKnownFileType = sourcecode.swift; path = HomeEventHandler.swift; sourceTree = "<group>"; };
		5C5011672A61E30500EBFA8F /* HomeInteractor.swift */ = {isa = PBXFileReference; lastKnownFileType = sourcecode.swift; path = HomeInteractor.swift; sourceTree = "<group>"; };
		5C5011692A61E30E00EBFA8F /* HomeRouter.swift */ = {isa = PBXFileReference; lastKnownFileType = sourcecode.swift; path = HomeRouter.swift; sourceTree = "<group>"; };
		5C5011772A61E67400EBFA8F /* Post.swift */ = {isa = PBXFileReference; lastKnownFileType = sourcecode.swift; path = Post.swift; sourceTree = "<group>"; };
		5C50117A2A61E74E00EBFA8F /* MainConfig.swift */ = {isa = PBXFileReference; lastKnownFileType = sourcecode.swift; path = MainConfig.swift; sourceTree = "<group>"; };
		5C84A34C2A4E4A2800DF49C5 /* IOS_Client.app */ = {isa = PBXFileReference; explicitFileType = wrapper.application; includeInIndex = 0; path = IOS_Client.app; sourceTree = BUILT_PRODUCTS_DIR; };
		5C84A34F2A4E4A2800DF49C5 /* AppDelegate.swift */ = {isa = PBXFileReference; lastKnownFileType = sourcecode.swift; path = AppDelegate.swift; sourceTree = "<group>"; };
		5C84A3512A4E4A2800DF49C5 /* SceneDelegate.swift */ = {isa = PBXFileReference; lastKnownFileType = sourcecode.swift; path = SceneDelegate.swift; sourceTree = "<group>"; };
		5C84A3532A4E4A2800DF49C5 /* ViewController.swift */ = {isa = PBXFileReference; lastKnownFileType = sourcecode.swift; path = ViewController.swift; sourceTree = "<group>"; };
		5C84A3562A4E4A2800DF49C5 /* Base */ = {isa = PBXFileReference; lastKnownFileType = file.storyboard; name = Base; path = Base.lproj/Main.storyboard; sourceTree = "<group>"; };
		5C84A3582A4E4A2900DF49C5 /* Assets.xcassets */ = {isa = PBXFileReference; lastKnownFileType = folder.assetcatalog; path = Assets.xcassets; sourceTree = "<group>"; };
		5C84A35B2A4E4A2900DF49C5 /* Base */ = {isa = PBXFileReference; lastKnownFileType = file.storyboard; name = Base; path = Base.lproj/LaunchScreen.storyboard; sourceTree = "<group>"; };
		5C84A35D2A4E4A2900DF49C5 /* Info.plist */ = {isa = PBXFileReference; lastKnownFileType = text.plist.xml; path = Info.plist; sourceTree = "<group>"; };
		5C8B34132A6AFD62007DE7C0 /* ListingViewController.swift */ = {isa = PBXFileReference; lastKnownFileType = sourcecode.swift; path = ListingViewController.swift; sourceTree = "<group>"; };
		5C8B34152A6AFD71007DE7C0 /* ListingEventHandler.swift */ = {isa = PBXFileReference; lastKnownFileType = sourcecode.swift; path = ListingEventHandler.swift; sourceTree = "<group>"; };
		5C8B34172A6AFD80007DE7C0 /* ListingInteractor.swift */ = {isa = PBXFileReference; lastKnownFileType = sourcecode.swift; path = ListingInteractor.swift; sourceTree = "<group>"; };
		5C8B34192A6AFD8A007DE7C0 /* ListingDataManager.swift */ = {isa = PBXFileReference; lastKnownFileType = sourcecode.swift; path = ListingDataManager.swift; sourceTree = "<group>"; };
		5C8B341B2A6AFD94007DE7C0 /* ListingRouter.swift */ = {isa = PBXFileReference; lastKnownFileType = sourcecode.swift; path = ListingRouter.swift; sourceTree = "<group>"; };
		5C8B341E2A6B1D89007DE7C0 /* ImageFactory.swift */ = {isa = PBXFileReference; lastKnownFileType = sourcecode.swift; path = ImageFactory.swift; sourceTree = "<group>"; };
		5CDF34F92A626EB200F9417D /* HomeDataManager.swift */ = {isa = PBXFileReference; lastKnownFileType = sourcecode.swift; path = HomeDataManager.swift; sourceTree = "<group>"; };
		5CEDFB4D2A704AB200114D27 /* SearchViewController.swift */ = {isa = PBXFileReference; lastKnownFileType = sourcecode.swift; name = SearchViewController.swift; path = IOS_Client/Factories/SearchViewController.swift; sourceTree = SOURCE_ROOT; };
		5CEDFB4F2A704ABD00114D27 /* SearchEventHandler.swift */ = {isa = PBXFileReference; lastKnownFileType = sourcecode.swift; name = SearchEventHandler.swift; path = IOS_Client/Factories/SearchEventHandler.swift; sourceTree = SOURCE_ROOT; };
		5CEDFB512A704AC600114D27 /* SearchInteractor.swift */ = {isa = PBXFileReference; lastKnownFileType = sourcecode.swift; name = SearchInteractor.swift; path = IOS_Client/Factories/SearchInteractor.swift; sourceTree = SOURCE_ROOT; };
		5CEDFB532A704AD200114D27 /* SearchRouter.swift */ = {isa = PBXFileReference; lastKnownFileType = sourcecode.swift; name = SearchRouter.swift; path = IOS_Client/Factories/SearchRouter.swift; sourceTree = SOURCE_ROOT; };
		5CEDFB552A704AE600114D27 /* SearchDataManager.swift */ = {isa = PBXFileReference; lastKnownFileType = sourcecode.swift; name = SearchDataManager.swift; path = IOS_Client/Factories/SearchDataManager.swift; sourceTree = SOURCE_ROOT; };
		5CEDFB742A72F5DE00114D27 /* FeedbackData.swift */ = {isa = PBXFileReference; lastKnownFileType = sourcecode.swift; path = FeedbackData.swift; sourceTree = "<group>"; };
		5CEDFB7A2A72F68400114D27 /* SettingsViewController.swift */ = {isa = PBXFileReference; lastKnownFileType = sourcecode.swift; path = SettingsViewController.swift; sourceTree = "<group>"; };
		5CEDFB7C2A72F69400114D27 /* SettingsEventHandler.swift */ = {isa = PBXFileReference; lastKnownFileType = sourcecode.swift; path = SettingsEventHandler.swift; sourceTree = "<group>"; };
		5CEDFB7E2A72F6A100114D27 /* SettingsInteractor.swift */ = {isa = PBXFileReference; lastKnownFileType = sourcecode.swift; path = SettingsInteractor.swift; sourceTree = "<group>"; };
		5CEDFB802A72F6AB00114D27 /* SettingsRouter.swift */ = {isa = PBXFileReference; lastKnownFileType = sourcecode.swift; path = SettingsRouter.swift; sourceTree = "<group>"; };
		5CEDFB822A72F6B700114D27 /* SettingsDataManager.swift */ = {isa = PBXFileReference; lastKnownFileType = sourcecode.swift; path = SettingsDataManager.swift; sourceTree = "<group>"; };
		5CEDFB852A72F6E600114D27 /* FeedbackViewController.swift */ = {isa = PBXFileReference; lastKnownFileType = sourcecode.swift; path = FeedbackViewController.swift; sourceTree = "<group>"; };
		5CEDFB872A72F6F500114D27 /* FeedbackEventHandler.swift */ = {isa = PBXFileReference; lastKnownFileType = sourcecode.swift; path = FeedbackEventHandler.swift; sourceTree = "<group>"; };
		5CEDFB892A72F70300114D27 /* FeedbackInteractor.swift */ = {isa = PBXFileReference; lastKnownFileType = sourcecode.swift; path = FeedbackInteractor.swift; sourceTree = "<group>"; };
		5CEDFB8B2A72F71100114D27 /* FeedbackRouter.swift */ = {isa = PBXFileReference; lastKnownFileType = sourcecode.swift; path = FeedbackRouter.swift; sourceTree = "<group>"; };
		5CEDFB8D2A72F72100114D27 /* FeedbackDataManager.swift */ = {isa = PBXFileReference; lastKnownFileType = sourcecode.swift; path = FeedbackDataManager.swift; sourceTree = "<group>"; };
/* End PBXFileReference section */

/* Begin PBXFrameworksBuildPhase section */
		5C84A3492A4E4A2800DF49C5 /* Frameworks */ = {
			isa = PBXFrameworksBuildPhase;
			buildActionMask = 2147483647;
			files = (
			);
			runOnlyForDeploymentPostprocessing = 0;
		};
/* End PBXFrameworksBuildPhase section */

/* Begin PBXGroup section */
		5C4AA6C12A7427C7002468CD /* CreatePost */ = {
			isa = PBXGroup;
			children = (
				5C4AA6C22A7427E8002468CD /* CreatePostViewController.swift */,
				5C4AA6C42A7427F2002468CD /* CreatePostEventHandler.swift */,
				5C4AA6C82A742824002468CD /* CreatePostInteractor.swift */,
				5C4AA6CA2A742830002468CD /* CreatePostRouter.swift */,
				5C4AA6CC2A742837002468CD /* CreatePostDataManager.swift */,
			);
			path = CreatePost;
			sourceTree = "<group>";
		};
		5C4AA6D02A743089002468CD /* Profile */ = {
			isa = PBXGroup;
			children = (
				5C4AA6D12A74309C002468CD /* ProfileViewController.swift */,
				5C4AA6D32A7430A5002468CD /* ProfileEventHandler.swift */,
				5C4AA6D52A7430AB002468CD /* ProfileInteractor.swift */,
				5C4AA6D72A7430B1002468CD /* ProfileRouter.swift */,
				5C4AA6D92A7430B9002468CD /* ProfileDataManager.swift */,
			);
			path = Profile;
			sourceTree = "<group>";
		};
		5C50115F2A61E2C300EBFA8F /* Modules */ = {
			isa = PBXGroup;
			children = (
				5C4AA6D02A743089002468CD /* Profile */,
				5C4AA6C12A7427C7002468CD /* CreatePost */,
				5CEDFB792A72F67300114D27 /* SettingsModules */,
				5CEDFB782A72F66E00114D27 /* Settings */,
				5C8B34122A6AFCFA007DE7C0 /* Listing */,
				5C5011622A61E2E100EBFA8F /* EasterEgg */,
				5C5011612A61E2D900EBFA8F /* Search */,
				5C5011602A61E2D100EBFA8F /* Home */,
			);
			path = Modules;
			sourceTree = "<group>";
		};
		5C5011602A61E2D100EBFA8F /* Home */ = {
			isa = PBXGroup;
			children = (
				5C5011632A61E2F100EBFA8F /* HomeViewController.swift */,
				5C5011652A61E2F900EBFA8F /* HomeEventHandler.swift */,
				5C5011672A61E30500EBFA8F /* HomeInteractor.swift */,
				5C5011692A61E30E00EBFA8F /* HomeRouter.swift */,
				5CDF34F92A626EB200F9417D /* HomeDataManager.swift */,
			);
			path = Home;
			sourceTree = "<group>";
		};
		5C5011612A61E2D900EBFA8F /* Search */ = {
			isa = PBXGroup;
			children = (
				5CEDFB4D2A704AB200114D27 /* SearchViewController.swift */,
				5CEDFB4F2A704ABD00114D27 /* SearchEventHandler.swift */,
				5CEDFB512A704AC600114D27 /* SearchInteractor.swift */,
				5CEDFB532A704AD200114D27 /* SearchRouter.swift */,
				5CEDFB552A704AE600114D27 /* SearchDataManager.swift */,
			);
			path = Search;
			sourceTree = "<group>";
		};
		5C5011622A61E2E100EBFA8F /* EasterEgg */ = {
			isa = PBXGroup;
			children = (
			);
			path = EasterEgg;
			sourceTree = "<group>";
		};
		5C5011762A61E66800EBFA8F /* Models */ = {
			isa = PBXGroup;
			children = (
				5C5011772A61E67400EBFA8F /* Post.swift */,
				5C3D1A842A65B5250053A10F /* RecipePostCell.swift */,
				5CEDFB742A72F5DE00114D27 /* FeedbackData.swift */,
			);
			path = Models;
			sourceTree = "<group>";
		};
		5C5011792A61E73D00EBFA8F /* Configuration */ = {
			isa = PBXGroup;
			children = (
				5C50117A2A61E74E00EBFA8F /* MainConfig.swift */,
				5C4AA6CE2A742EED002468CD /* AboutViewController.swift */,
			);
			path = Configuration;
			sourceTree = "<group>";
		};
		5C84A3432A4E4A2800DF49C5 = {
			isa = PBXGroup;
			children = (
				5C84A34E2A4E4A2800DF49C5 /* IOS_Client */,
				5C84A34D2A4E4A2800DF49C5 /* Products */,
			);
			sourceTree = "<group>";
		};
		5C84A34D2A4E4A2800DF49C5 /* Products */ = {
			isa = PBXGroup;
			children = (
				5C84A34C2A4E4A2800DF49C5 /* IOS_Client.app */,
			);
			name = Products;
			sourceTree = "<group>";
		};
		5C84A34E2A4E4A2800DF49C5 /* IOS_Client */ = {
			isa = PBXGroup;
			children = (
				5C8B341D2A6B1D79007DE7C0 /* Factories */,
				5C5011792A61E73D00EBFA8F /* Configuration */,
				5C5011762A61E66800EBFA8F /* Models */,
				5C50115F2A61E2C300EBFA8F /* Modules */,
				5C84A3642A4E4B2900DF49C5 /* List */,
				5C84A34F2A4E4A2800DF49C5 /* AppDelegate.swift */,
				5C84A3512A4E4A2800DF49C5 /* SceneDelegate.swift */,
				5C84A3532A4E4A2800DF49C5 /* ViewController.swift */,
				5C84A3552A4E4A2800DF49C5 /* Main.storyboard */,
				5C84A3582A4E4A2900DF49C5 /* Assets.xcassets */,
				5C84A35A2A4E4A2900DF49C5 /* LaunchScreen.storyboard */,
				5C84A35D2A4E4A2900DF49C5 /* Info.plist */,
			);
			path = IOS_Client;
			sourceTree = "<group>";
		};
		5C84A3642A4E4B2900DF49C5 /* List */ = {
			isa = PBXGroup;
			children = (
			);
			path = List;
			sourceTree = "<group>";
		};
		5C8B34122A6AFCFA007DE7C0 /* Listing */ = {
			isa = PBXGroup;
			children = (
				5C8B34132A6AFD62007DE7C0 /* ListingViewController.swift */,
				5C8B34152A6AFD71007DE7C0 /* ListingEventHandler.swift */,
				5C8B34172A6AFD80007DE7C0 /* ListingInteractor.swift */,
				5C8B34192A6AFD8A007DE7C0 /* ListingDataManager.swift */,
				5C8B341B2A6AFD94007DE7C0 /* ListingRouter.swift */,
			);
			path = Listing;
			sourceTree = "<group>";
		};
		5C8B341D2A6B1D79007DE7C0 /* Factories */ = {
			isa = PBXGroup;
			children = (
				5C8B341E2A6B1D89007DE7C0 /* ImageFactory.swift */,
			);
			path = Factories;
			sourceTree = "<group>";
		};
		5CEDFB782A72F66E00114D27 /* Settings */ = {
			isa = PBXGroup;
			children = (
				5CEDFB7A2A72F68400114D27 /* SettingsViewController.swift */,
				5CEDFB7C2A72F69400114D27 /* SettingsEventHandler.swift */,
				5CEDFB7E2A72F6A100114D27 /* SettingsInteractor.swift */,
				5CEDFB802A72F6AB00114D27 /* SettingsRouter.swift */,
				5CEDFB822A72F6B700114D27 /* SettingsDataManager.swift */,
			);
			path = Settings;
			sourceTree = "<group>";
		};
		5CEDFB792A72F67300114D27 /* SettingsModules */ = {
			isa = PBXGroup;
			children = (
				5CEDFB842A72F6C600114D27 /* Feedback */,
			);
			path = SettingsModules;
			sourceTree = "<group>";
		};
		5CEDFB842A72F6C600114D27 /* Feedback */ = {
			isa = PBXGroup;
			children = (
				5CEDFB852A72F6E600114D27 /* FeedbackViewController.swift */,
				5CEDFB872A72F6F500114D27 /* FeedbackEventHandler.swift */,
				5CEDFB892A72F70300114D27 /* FeedbackInteractor.swift */,
				5CEDFB8B2A72F71100114D27 /* FeedbackRouter.swift */,
				5CEDFB8D2A72F72100114D27 /* FeedbackDataManager.swift */,
			);
			path = Feedback;
			sourceTree = "<group>";
		};
/* End PBXGroup section */

/* Begin PBXNativeTarget section */
		5C84A34B2A4E4A2800DF49C5 /* IOS_Client */ = {
			isa = PBXNativeTarget;
			buildConfigurationList = 5C84A3602A4E4A2900DF49C5 /* Build configuration list for PBXNativeTarget "IOS_Client" */;
			buildPhases = (
				5C84A3482A4E4A2800DF49C5 /* Sources */,
				5C84A3492A4E4A2800DF49C5 /* Frameworks */,
				5C84A34A2A4E4A2800DF49C5 /* Resources */,
			);
			buildRules = (
			);
			dependencies = (
			);
			name = IOS_Client;
			productName = IOS_Client;
			productReference = 5C84A34C2A4E4A2800DF49C5 /* IOS_Client.app */;
			productType = "com.apple.product-type.application";
		};
/* End PBXNativeTarget section */

/* Begin PBXProject section */
		5C84A3442A4E4A2800DF49C5 /* Project object */ = {
			isa = PBXProject;
			attributes = {
				BuildIndependentTargetsInParallel = 1;
				LastSwiftUpdateCheck = 1430;
				LastUpgradeCheck = 1430;
				TargetAttributes = {
					5C84A34B2A4E4A2800DF49C5 = {
						CreatedOnToolsVersion = 14.3.1;
					};
				};
			};
			buildConfigurationList = 5C84A3472A4E4A2800DF49C5 /* Build configuration list for PBXProject "IOS_Client" */;
			compatibilityVersion = "Xcode 14.0";
			developmentRegion = en;
			hasScannedForEncodings = 0;
			knownRegions = (
				en,
				Base,
			);
			mainGroup = 5C84A3432A4E4A2800DF49C5;
			productRefGroup = 5C84A34D2A4E4A2800DF49C5 /* Products */;
			projectDirPath = "";
			projectRoot = "";
			targets = (
				5C84A34B2A4E4A2800DF49C5 /* IOS_Client */,
			);
		};
/* End PBXProject section */

/* Begin PBXResourcesBuildPhase section */
		5C84A34A2A4E4A2800DF49C5 /* Resources */ = {
			isa = PBXResourcesBuildPhase;
			buildActionMask = 2147483647;
			files = (
				5C84A35C2A4E4A2900DF49C5 /* LaunchScreen.storyboard in Resources */,
				5C84A3592A4E4A2900DF49C5 /* Assets.xcassets in Resources */,
				5C84A3572A4E4A2800DF49C5 /* Main.storyboard in Resources */,
			);
			runOnlyForDeploymentPostprocessing = 0;
		};
/* End PBXResourcesBuildPhase section */

/* Begin PBXSourcesBuildPhase section */
		5C84A3482A4E4A2800DF49C5 /* Sources */ = {
			isa = PBXSourcesBuildPhase;
			buildActionMask = 2147483647;
			files = (
				5CDF34FA2A626EB200F9417D /* HomeDataManager.swift in Sources */,
				5C4AA6CD2A742837002468CD /* CreatePostDataManager.swift in Sources */,
				5C8B341F2A6B1D89007DE7C0 /* ImageFactory.swift in Sources */,
				5C4AA6C92A742824002468CD /* CreatePostInteractor.swift in Sources */,
				5CEDFB882A72F6F500114D27 /* FeedbackEventHandler.swift in Sources */,
				5C8B341A2A6AFD8A007DE7C0 /* ListingDataManager.swift in Sources */,
				5CEDFB812A72F6AB00114D27 /* SettingsRouter.swift in Sources */,
				5C4AA6CB2A742830002468CD /* CreatePostRouter.swift in Sources */,
				5C4AA6D82A7430B1002468CD /* ProfileRouter.swift in Sources */,
				5CEDFB542A704AD200114D27 /* SearchRouter.swift in Sources */,
				5C4AA6C32A7427E8002468CD /* CreatePostViewController.swift in Sources */,
				5C84A3542A4E4A2800DF49C5 /* ViewController.swift in Sources */,
				5C3D1A852A65B5250053A10F /* RecipePostCell.swift in Sources */,
				5C8B34142A6AFD62007DE7C0 /* ListingViewController.swift in Sources */,
				5C5011662A61E2F900EBFA8F /* HomeEventHandler.swift in Sources */,
				5CEDFB862A72F6E600114D27 /* FeedbackViewController.swift in Sources */,
				5C50116A2A61E30E00EBFA8F /* HomeRouter.swift in Sources */,
				5C4AA6DA2A7430B9002468CD /* ProfileDataManager.swift in Sources */,
				5C4AA6C52A7427F2002468CD /* CreatePostEventHandler.swift in Sources */,
				5CEDFB562A704AE600114D27 /* SearchDataManager.swift in Sources */,
				5C5011782A61E67400EBFA8F /* Post.swift in Sources */,
				5C84A3502A4E4A2800DF49C5 /* AppDelegate.swift in Sources */,
				5CEDFB7D2A72F69400114D27 /* SettingsEventHandler.swift in Sources */,
				5CEDFB7F2A72F6A100114D27 /* SettingsInteractor.swift in Sources */,
				5C4AA6D22A74309C002468CD /* ProfileViewController.swift in Sources */,
				5C4AA6D42A7430A5002468CD /* ProfileEventHandler.swift in Sources */,
				5C8B341C2A6AFD94007DE7C0 /* ListingRouter.swift in Sources */,
				5C50117B2A61E74E00EBFA8F /* MainConfig.swift in Sources */,
				5C4AA6CF2A742EED002468CD /* AboutViewController.swift in Sources */,
				5CEDFB4E2A704AB200114D27 /* SearchViewController.swift in Sources */,
				5CEDFB752A72F5DE00114D27 /* FeedbackData.swift in Sources */,
				5CEDFB8C2A72F71100114D27 /* FeedbackRouter.swift in Sources */,
				5C8B34162A6AFD71007DE7C0 /* ListingEventHandler.swift in Sources */,
				5CEDFB8E2A72F72100114D27 /* FeedbackDataManager.swift in Sources */,
				5CEDFB522A704AC600114D27 /* SearchInteractor.swift in Sources */,
				5CEDFB502A704ABD00114D27 /* SearchEventHandler.swift in Sources */,
				5C4AA6D62A7430AB002468CD /* ProfileInteractor.swift in Sources */,
				5C5011682A61E30500EBFA8F /* HomeInteractor.swift in Sources */,
				5C8B34182A6AFD80007DE7C0 /* ListingInteractor.swift in Sources */,
				5C84A3522A4E4A2800DF49C5 /* SceneDelegate.swift in Sources */,
				5C5011642A61E2F100EBFA8F /* HomeViewController.swift in Sources */,
				5CEDFB832A72F6B700114D27 /* SettingsDataManager.swift in Sources */,
				5CEDFB7B2A72F68400114D27 /* SettingsViewController.swift in Sources */,
				5CEDFB8A2A72F70300114D27 /* FeedbackInteractor.swift in Sources */,
			);
			runOnlyForDeploymentPostprocessing = 0;
		};
/* End PBXSourcesBuildPhase section */

/* Begin PBXVariantGroup section */
		5C84A3552A4E4A2800DF49C5 /* Main.storyboard */ = {
			isa = PBXVariantGroup;
			children = (
				5C84A3562A4E4A2800DF49C5 /* Base */,
			);
			name = Main.storyboard;
			sourceTree = "<group>";
		};
		5C84A35A2A4E4A2900DF49C5 /* LaunchScreen.storyboard */ = {
			isa = PBXVariantGroup;
			children = (
				5C84A35B2A4E4A2900DF49C5 /* Base */,
			);
			name = LaunchScreen.storyboard;
			sourceTree = "<group>";
		};
/* End PBXVariantGroup section */

/* Begin XCBuildConfiguration section */
		5C84A35E2A4E4A2900DF49C5 /* Debug */ = {
			isa = XCBuildConfiguration;
			buildSettings = {
				ALWAYS_SEARCH_USER_PATHS = NO;
				CLANG_ANALYZER_NONNULL = YES;
				CLANG_ANALYZER_NUMBER_OBJECT_CONVERSION = YES_AGGRESSIVE;
				CLANG_CXX_LANGUAGE_STANDARD = "gnu++20";
				CLANG_ENABLE_MODULES = YES;
				CLANG_ENABLE_OBJC_ARC = YES;
				CLANG_ENABLE_OBJC_WEAK = YES;
				CLANG_WARN_BLOCK_CAPTURE_AUTORELEASING = YES;
				CLANG_WARN_BOOL_CONVERSION = YES;
				CLANG_WARN_COMMA = YES;
				CLANG_WARN_CONSTANT_CONVERSION = YES;
				CLANG_WARN_DEPRECATED_OBJC_IMPLEMENTATIONS = YES;
				CLANG_WARN_DIRECT_OBJC_ISA_USAGE = YES_ERROR;
				CLANG_WARN_DOCUMENTATION_COMMENTS = YES;
				CLANG_WARN_EMPTY_BODY = YES;
				CLANG_WARN_ENUM_CONVERSION = YES;
				CLANG_WARN_INFINITE_RECURSION = YES;
				CLANG_WARN_INT_CONVERSION = YES;
				CLANG_WARN_NON_LITERAL_NULL_CONVERSION = YES;
				CLANG_WARN_OBJC_IMPLICIT_RETAIN_SELF = YES;
				CLANG_WARN_OBJC_LITERAL_CONVERSION = YES;
				CLANG_WARN_OBJC_ROOT_CLASS = YES_ERROR;
				CLANG_WARN_QUOTED_INCLUDE_IN_FRAMEWORK_HEADER = YES;
				CLANG_WARN_RANGE_LOOP_ANALYSIS = YES;
				CLANG_WARN_STRICT_PROTOTYPES = YES;
				CLANG_WARN_SUSPICIOUS_MOVE = YES;
				CLANG_WARN_UNGUARDED_AVAILABILITY = YES_AGGRESSIVE;
				CLANG_WARN_UNREACHABLE_CODE = YES;
				CLANG_WARN__DUPLICATE_METHOD_MATCH = YES;
				COPY_PHASE_STRIP = NO;
				DEBUG_INFORMATION_FORMAT = dwarf;
				ENABLE_STRICT_OBJC_MSGSEND = YES;
				ENABLE_TESTABILITY = YES;
				GCC_C_LANGUAGE_STANDARD = gnu11;
				GCC_DYNAMIC_NO_PIC = NO;
				GCC_NO_COMMON_BLOCKS = YES;
				GCC_OPTIMIZATION_LEVEL = 0;
				GCC_PREPROCESSOR_DEFINITIONS = (
					"DEBUG=1",
					"$(inherited)",
				);
				GCC_WARN_64_TO_32_BIT_CONVERSION = YES;
				GCC_WARN_ABOUT_RETURN_TYPE = YES_ERROR;
				GCC_WARN_UNDECLARED_SELECTOR = YES;
				GCC_WARN_UNINITIALIZED_AUTOS = YES_AGGRESSIVE;
				GCC_WARN_UNUSED_FUNCTION = YES;
				GCC_WARN_UNUSED_VARIABLE = YES;
				IPHONEOS_DEPLOYMENT_TARGET = 16.4;
				MTL_ENABLE_DEBUG_INFO = INCLUDE_SOURCE;
				MTL_FAST_MATH = YES;
				ONLY_ACTIVE_ARCH = YES;
				SDKROOT = iphoneos;
				SWIFT_ACTIVE_COMPILATION_CONDITIONS = DEBUG;
				SWIFT_OPTIMIZATION_LEVEL = "-Onone";
			};
			name = Debug;
		};
		5C84A35F2A4E4A2900DF49C5 /* Release */ = {
			isa = XCBuildConfiguration;
			buildSettings = {
				ALWAYS_SEARCH_USER_PATHS = NO;
				CLANG_ANALYZER_NONNULL = YES;
				CLANG_ANALYZER_NUMBER_OBJECT_CONVERSION = YES_AGGRESSIVE;
				CLANG_CXX_LANGUAGE_STANDARD = "gnu++20";
				CLANG_ENABLE_MODULES = YES;
				CLANG_ENABLE_OBJC_ARC = YES;
				CLANG_ENABLE_OBJC_WEAK = YES;
				CLANG_WARN_BLOCK_CAPTURE_AUTORELEASING = YES;
				CLANG_WARN_BOOL_CONVERSION = YES;
				CLANG_WARN_COMMA = YES;
				CLANG_WARN_CONSTANT_CONVERSION = YES;
				CLANG_WARN_DEPRECATED_OBJC_IMPLEMENTATIONS = YES;
				CLANG_WARN_DIRECT_OBJC_ISA_USAGE = YES_ERROR;
				CLANG_WARN_DOCUMENTATION_COMMENTS = YES;
				CLANG_WARN_EMPTY_BODY = YES;
				CLANG_WARN_ENUM_CONVERSION = YES;
				CLANG_WARN_INFINITE_RECURSION = YES;
				CLANG_WARN_INT_CONVERSION = YES;
				CLANG_WARN_NON_LITERAL_NULL_CONVERSION = YES;
				CLANG_WARN_OBJC_IMPLICIT_RETAIN_SELF = YES;
				CLANG_WARN_OBJC_LITERAL_CONVERSION = YES;
				CLANG_WARN_OBJC_ROOT_CLASS = YES_ERROR;
				CLANG_WARN_QUOTED_INCLUDE_IN_FRAMEWORK_HEADER = YES;
				CLANG_WARN_RANGE_LOOP_ANALYSIS = YES;
				CLANG_WARN_STRICT_PROTOTYPES = YES;
				CLANG_WARN_SUSPICIOUS_MOVE = YES;
				CLANG_WARN_UNGUARDED_AVAILABILITY = YES_AGGRESSIVE;
				CLANG_WARN_UNREACHABLE_CODE = YES;
				CLANG_WARN__DUPLICATE_METHOD_MATCH = YES;
				COPY_PHASE_STRIP = NO;
				DEBUG_INFORMATION_FORMAT = "dwarf-with-dsym";
				ENABLE_NS_ASSERTIONS = NO;
				ENABLE_STRICT_OBJC_MSGSEND = YES;
				GCC_C_LANGUAGE_STANDARD = gnu11;
				GCC_NO_COMMON_BLOCKS = YES;
				GCC_WARN_64_TO_32_BIT_CONVERSION = YES;
				GCC_WARN_ABOUT_RETURN_TYPE = YES_ERROR;
				GCC_WARN_UNDECLARED_SELECTOR = YES;
				GCC_WARN_UNINITIALIZED_AUTOS = YES_AGGRESSIVE;
				GCC_WARN_UNUSED_FUNCTION = YES;
				GCC_WARN_UNUSED_VARIABLE = YES;
				IPHONEOS_DEPLOYMENT_TARGET = 16.4;
				MTL_ENABLE_DEBUG_INFO = NO;
				MTL_FAST_MATH = YES;
				SDKROOT = iphoneos;
				SWIFT_COMPILATION_MODE = wholemodule;
				SWIFT_OPTIMIZATION_LEVEL = "-O";
				VALIDATE_PRODUCT = YES;
			};
			name = Release;
		};
		5C84A3612A4E4A2900DF49C5 /* Debug */ = {
			isa = XCBuildConfiguration;
			buildSettings = {
				ASSETCATALOG_COMPILER_APPICON_NAME = AppIcon;
				ASSETCATALOG_COMPILER_GLOBAL_ACCENT_COLOR_NAME = AccentColor;
				CODE_SIGN_STYLE = Automatic;
				CURRENT_PROJECT_VERSION = 1;
				DEVELOPMENT_TEAM = NP96938VJW;
				GENERATE_INFOPLIST_FILE = YES;
				INFOPLIST_FILE = IOS_Client/Info.plist;
				INFOPLIST_KEY_UIApplicationSupportsIndirectInputEvents = YES;
				INFOPLIST_KEY_UILaunchStoryboardName = LaunchScreen;
				INFOPLIST_KEY_UIMainStoryboardFile = Main;
				INFOPLIST_KEY_UISupportedInterfaceOrientations_iPad = "UIInterfaceOrientationPortrait UIInterfaceOrientationPortraitUpsideDown UIInterfaceOrientationLandscapeLeft UIInterfaceOrientationLandscapeRight";
				INFOPLIST_KEY_UISupportedInterfaceOrientations_iPhone = "UIInterfaceOrientationPortrait UIInterfaceOrientationLandscapeLeft UIInterfaceOrientationLandscapeRight";
				LD_RUNPATH_SEARCH_PATHS = (
					"$(inherited)",
					"@executable_path/Frameworks",
				);
				MARKETING_VERSION = 1.0;
				PRODUCT_BUNDLE_IDENTIFIER = "Alex-S.IOS-Client";
				PRODUCT_NAME = "$(TARGET_NAME)";
				SWIFT_EMIT_LOC_STRINGS = YES;
				SWIFT_VERSION = 5.0;
				TARGETED_DEVICE_FAMILY = "1,2";
			};
			name = Debug;
		};
		5C84A3622A4E4A2900DF49C5 /* Release */ = {
			isa = XCBuildConfiguration;
			buildSettings = {
				ASSETCATALOG_COMPILER_APPICON_NAME = AppIcon;
				ASSETCATALOG_COMPILER_GLOBAL_ACCENT_COLOR_NAME = AccentColor;
				CODE_SIGN_STYLE = Automatic;
				CURRENT_PROJECT_VERSION = 1;
				DEVELOPMENT_TEAM = NP96938VJW;
				GENERATE_INFOPLIST_FILE = YES;
				INFOPLIST_FILE = IOS_Client/Info.plist;
				INFOPLIST_KEY_UIApplicationSupportsIndirectInputEvents = YES;
				INFOPLIST_KEY_UILaunchStoryboardName = LaunchScreen;
				INFOPLIST_KEY_UIMainStoryboardFile = Main;
				INFOPLIST_KEY_UISupportedInterfaceOrientations_iPad = "UIInterfaceOrientationPortrait UIInterfaceOrientationPortraitUpsideDown UIInterfaceOrientationLandscapeLeft UIInterfaceOrientationLandscapeRight";
				INFOPLIST_KEY_UISupportedInterfaceOrientations_iPhone = "UIInterfaceOrientationPortrait UIInterfaceOrientationLandscapeLeft UIInterfaceOrientationLandscapeRight";
				LD_RUNPATH_SEARCH_PATHS = (
					"$(inherited)",
					"@executable_path/Frameworks",
				);
				MARKETING_VERSION = 1.0;
				PRODUCT_BUNDLE_IDENTIFIER = "Alex-S.IOS-Client";
				PRODUCT_NAME = "$(TARGET_NAME)";
				SWIFT_EMIT_LOC_STRINGS = YES;
				SWIFT_VERSION = 5.0;
				TARGETED_DEVICE_FAMILY = "1,2";
			};
			name = Release;
		};
/* End XCBuildConfiguration section */

/* Begin XCConfigurationList section */
		5C84A3472A4E4A2800DF49C5 /* Build configuration list for PBXProject "IOS_Client" */ = {
			isa = XCConfigurationList;
			buildConfigurations = (
				5C84A35E2A4E4A2900DF49C5 /* Debug */,
				5C84A35F2A4E4A2900DF49C5 /* Release */,
			);
			defaultConfigurationIsVisible = 0;
			defaultConfigurationName = Release;
		};
		5C84A3602A4E4A2900DF49C5 /* Build configuration list for PBXNativeTarget "IOS_Client" */ = {
			isa = XCConfigurationList;
			buildConfigurations = (
				5C84A3612A4E4A2900DF49C5 /* Debug */,
				5C84A3622A4E4A2900DF49C5 /* Release */,
			);
			defaultConfigurationIsVisible = 0;
			defaultConfigurationName = Release;
		};
/* End XCConfigurationList section */
	};
	rootObject = 5C84A3442A4E4A2800DF49C5 /* Project object */;
}
